{
  "nodes": {
    "brew-src": {
      "flake": false,
      "locked": {
        "lastModified": 1756059815,
        "narHash": "sha256-UALOxoXoFIHbwKzcqbqCAqw5cC0MJEehLaWSet5vxfE=",
        "owner": "Homebrew",
        "repo": "brew",
        "rev": "02947ea4edbdef5fcce9ee57fa289547f4d096c9",
        "type": "github"
      },
      "original": {
        "owner": "Homebrew",
        "ref": "4.6.7",
        "repo": "brew",
        "type": "github"
      }
    },
    "flake-utils": {
      "inputs": {
        "systems": "systems"
      },
      "locked": {
        "lastModified": 1731533236,
        "narHash": "sha256-l0KFg5HjrsfsO/JpG+r7fRrqm12kzFHyUHqHCVpMMbI=",
        "owner": "numtide",
        "repo": "flake-utils",
        "rev": "11707dc2f618dd54ca8739b309ec4fc024de578b",
        "type": "github"
      },
      "original": {
        "owner": "numtide",
        "repo": "flake-utils",
        "type": "github"
      }
    },
    "git-branch-picker": {
      "inputs": {
        "nixpkgs": "nixpkgs"
      },
      "locked": {
        "lastModified": 1750271971,
        "narHash": "sha256-DaBArD2UCQiT4ho5a6ZlHl+ZWp8ei5ecmXT5xtFQ8c0=",
        "owner": "davidpdrsn",
        "repo": "git-branch-picker",
        "rev": "1a6d4cde01078a60824acd28193e675ddc24820b",
        "type": "github"
      },
      "original": {
        "owner": "davidpdrsn",
        "repo": "git-branch-picker",
        "type": "github"
      }
    },
    "git-prompt": {
      "inputs": {
        "nixpkgs": "nixpkgs_2"
      },
      "locked": {
        "lastModified": 1751916206,
        "narHash": "sha256-+imRnvMsrEsO1x7GhvuKVOgnXnSINVJeHfRZjcpp1+g=",
        "owner": "davidpdrsn",
        "repo": "git-prompt",
        "rev": "0b891a37e7e407d16b59bec21bd04a24cfd24ad3",
        "type": "github"
      },
      "original": {
        "owner": "davidpdrsn",
        "repo": "git-prompt",
        "type": "github"
      }
    },
    "git-remove-merged-branches": {
      "inputs": {
        "nixpkgs": "nixpkgs_3"
      },
      "locked": {
        "lastModified": 1750271146,
        "narHash": "sha256-43ctK6fayBARIgIWDFr1jHX9cqDkymsu4R9AiNblkJk=",
        "owner": "davidpdrsn",
        "repo": "git-remove-merged-branches",
        "rev": "6e7ab69ef9a43f542fc7413f05bc1053718707bd",
        "type": "github"
      },
      "original": {
        "owner": "davidpdrsn",
        "repo": "git-remove-merged-branches",
        "type": "github"
      }
    },
    "go-insert-error": {
      "inputs": {
        "flake-utils": "flake-utils",
        "nixpkgs": "nixpkgs_4"
      },
      "locked": {
        "lastModified": 1751320566,
        "narHash": "sha256-qxrMV1cdHxcZ8pYfelhly3ZebhnttZB55KzqZPvujgY=",
        "owner": "davidpdrsn",
        "repo": "go-insert-error",
        "rev": "b4aff99d348f1ba1a1d24c0c9c1447e4a5939a65",
        "type": "github"
      },
      "original": {
        "owner": "davidpdrsn",
        "repo": "go-insert-error",
        "rev": "b4aff99d348f1ba1a1d24c0c9c1447e4a5939a65",
        "type": "github"
      }
    },
    "home-manager": {
      "inputs": {
        "nixpkgs": [
          "nixpkgs"
        ]
      },
      "locked": {
        "lastModified": 1758296614,
        "narHash": "sha256-l60D1i0aaSqemy9dL7wP0ePMfcv/oZbeKpvUMY+q0kQ=",
        "owner": "nix-community",
        "repo": "home-manager",
        "rev": "55b1f5b7b191572257545413b98e37abab2fdb00",
        "type": "github"
      },
      "original": {
        "owner": "nix-community",
        "repo": "home-manager",
        "type": "github"
      }
    },
    "homebrew-cask": {
      "flake": false,
      "locked": {
        "lastModified": 1758300837,
        "narHash": "sha256-RL5J6+gxNiJWipVKJl521BDo8ZBHajR1BpNvgpReQyE=",
        "owner": "homebrew",
        "repo": "homebrew-cask",
        "rev": "d17d0173bbee50f38589daded5f8e071d9e52259",
        "type": "github"
      },
      "original": {
        "owner": "homebrew",
        "repo": "homebrew-cask",
        "type": "github"
      }
    },
    "homebrew-core": {
      "flake": false,
      "locked": {
        "lastModified": 1758301440,
        "narHash": "sha256-K2DxX9d3oAMeVptrejYH6CvWHer3lSQWuvall56t1bQ=",
        "owner": "homebrew",
        "repo": "homebrew-core",
        "rev": "0c92a80ec93e1c7146bc68d450cc9ae72bbfa232",
        "type": "github"
      },
      "original": {
        "owner": "homebrew",
        "repo": "homebrew-core",
        "type": "github"
      }
    },
    "is-vim-running": {
      "inputs": {
        "nixpkgs": "nixpkgs_5"
      },
      "locked": {
        "lastModified": 1750269964,
        "narHash": "sha256-RTBNBUz0W6VfRxy+dCOg8UthbxuBGUHKEZFaFakJyvg=",
        "owner": "davidpdrsn",
        "repo": "is-vim-running",
        "rev": "bbb6ae6e2f50a71440b4f9358aa1b439a65a47c9",
        "type": "github"
      },
      "original": {
        "owner": "davidpdrsn",
        "repo": "is-vim-running",
        "type": "github"
      }
    },
    "nix-darwin": {
      "inputs": {
        "nixpkgs": [
          "nixpkgs"
        ]
      },
      "locked": {
        "lastModified": 1758102940,
        "narHash": "sha256-wwqf3+A8EiqwWpcAaPN20QXJLlpGPpwtLTrzgnngI2o=",
        "owner": "nix-darwin",
        "repo": "nix-darwin",
        "rev": "ebd0bfc11fc2b5cff37401e9b3703881ad5fabbd",
        "type": "github"
      },
      "original": {
        "owner": "nix-darwin",
        "ref": "master",
        "repo": "nix-darwin",
        "type": "github"
      }
    },
    "nix-homebrew": {
      "inputs": {
        "brew-src": "brew-src"
      },
      "locked": {
        "lastModified": 1756398546,
        "narHash": "sha256-n4GVDLhKu65XFraJuCzap2AaZji4xhPaZMTJ8aQdD3s=",
        "owner": "zhaofengli",
        "repo": "nix-homebrew",
        "rev": "3aa475996cb3bc1ecefa88c99c466e6f0bc17431",
        "type": "github"
      },
      "original": {
        "owner": "zhaofengli",
        "repo": "nix-homebrew",
        "type": "github"
      }
    },
    "nixpkgs": {
      "locked": {
        "lastModified": 1750134718,
        "narHash": "sha256-v263g4GbxXv87hMXMCpjkIxd/viIF7p3JpJrwgKdNiI=",
        "owner": "nixos",
        "repo": "nixpkgs",
        "rev": "9e83b64f727c88a7711a2c463a7b16eedb69a84c",
        "type": "github"
      },
      "original": {
        "owner": "nixos",
        "ref": "nixos-unstable",
        "repo": "nixpkgs",
        "type": "github"
      }
    },
    "nixpkgs_2": {
      "locked": {
        "lastModified": 1750134718,
        "narHash": "sha256-v263g4GbxXv87hMXMCpjkIxd/viIF7p3JpJrwgKdNiI=",
        "owner": "nixos",
        "repo": "nixpkgs",
        "rev": "9e83b64f727c88a7711a2c463a7b16eedb69a84c",
        "type": "github"
      },
      "original": {
        "owner": "nixos",
        "ref": "nixos-unstable",
        "repo": "nixpkgs",
        "type": "github"
      }
    },
    "nixpkgs_3": {
      "locked": {
        "lastModified": 1750134718,
        "narHash": "sha256-v263g4GbxXv87hMXMCpjkIxd/viIF7p3JpJrwgKdNiI=",
        "owner": "nixos",
        "repo": "nixpkgs",
        "rev": "9e83b64f727c88a7711a2c463a7b16eedb69a84c",
        "type": "github"
      },
      "original": {
        "owner": "nixos",
        "ref": "nixos-unstable",
        "repo": "nixpkgs",
        "type": "github"
      }
    },
    "nixpkgs_4": {
      "locked": {
        "lastModified": 1751180975,
        "narHash": "sha256-BKk4yDiXr4LdF80OTVqYJ53Q74rOcA/82EClXug8xsY=",
        "owner": "NixOS",
        "repo": "nixpkgs",
        "rev": "a48741b083d4f36dd79abd9f760c84da6b4dc0e5",
        "type": "github"
      },
      "original": {
        "owner": "NixOS",
        "ref": "nixpkgs-unstable",
        "repo": "nixpkgs",
        "type": "github"
      }
    },
    "nixpkgs_5": {
      "locked": {
        "lastModified": 1750134718,
        "narHash": "sha256-v263g4GbxXv87hMXMCpjkIxd/viIF7p3JpJrwgKdNiI=",
        "owner": "nixos",
        "repo": "nixpkgs",
        "rev": "9e83b64f727c88a7711a2c463a7b16eedb69a84c",
        "type": "github"
      },
      "original": {
        "owner": "nixos",
        "ref": "nixos-unstable",
        "repo": "nixpkgs",
        "type": "github"
      }
    },
    "nixpkgs_6": {
      "locked": {
        "lastModified": 1758262103,
        "narHash": "sha256-aBGl3XEOsjWw6W3AHiKibN7FeoG73dutQQEqnd/etR8=",
        "owner": "NixOS",
        "repo": "nixpkgs",
        "rev": "12bd230118a1901a4a5d393f9f56b6ad7e571d01",
        "type": "github"
      },
      "original": {
        "owner": "NixOS",
        "ref": "nixpkgs-unstable",
        "repo": "nixpkgs",
        "type": "github"
      }
    },
    "nixpkgs_7": {
      "locked": {
        "lastModified": 1751011381,
        "narHash": "sha256-krGXKxvkBhnrSC/kGBmg5MyupUUT5R6IBCLEzx9jhMM=",
        "owner": "nixos",
        "repo": "nixpkgs",
        "rev": "30e2e2857ba47844aa71991daa6ed1fc678bcbb7",
        "type": "github"
      },
      "original": {
        "owner": "nixos",
        "ref": "nixos-unstable",
        "repo": "nixpkgs",
        "type": "github"
      }
    },
    "nixpkgs_8": {
      "locked": {
        "lastModified": 1750134718,
        "narHash": "sha256-v263g4GbxXv87hMXMCpjkIxd/viIF7p3JpJrwgKdNiI=",
        "owner": "nixos",
        "repo": "nixpkgs",
        "rev": "9e83b64f727c88a7711a2c463a7b16eedb69a84c",
        "type": "github"
      },
      "original": {
        "owner": "nixos",
        "ref": "nixos-unstable",
        "repo": "nixpkgs",
        "type": "github"
      }
    },
    "nixpkgs_9": {
      "locked": {
        "lastModified": 1750134718,
        "narHash": "sha256-v263g4GbxXv87hMXMCpjkIxd/viIF7p3JpJrwgKdNiI=",
        "owner": "nixos",
        "repo": "nixpkgs",
        "rev": "9e83b64f727c88a7711a2c463a7b16eedb69a84c",
        "type": "github"
      },
      "original": {
        "owner": "nixos",
        "ref": "nixos-unstable",
        "repo": "nixpkgs",
        "type": "github"
      }
    },
    "remove-indentation": {
      "inputs": {
        "nixpkgs": "nixpkgs_7"
      },
      "locked": {
        "lastModified": 1751197944,
        "narHash": "sha256-bT/VFJBUuaXilxva2IAWWgVbJwVCpfuimM3f6u5NA+4=",
        "owner": "davidpdrsn",
        "repo": "remove-indentation",
        "rev": "a170ab4269b73f4ab08af3b0f653511cea43d6b2",
        "type": "github"
      },
      "original": {
        "owner": "davidpdrsn",
        "repo": "remove-indentation",
        "type": "github"
      }
    },
    "replace": {
      "inputs": {
        "nixpkgs": "nixpkgs_8"
      },
      "locked": {
        "lastModified": 1750271753,
        "narHash": "sha256-jsQuCmZPw641G9K7FHqy6F+cbnaA2yLmV31tBjyPsnk=",
        "owner": "davidpdrsn",
        "repo": "replace",
        "rev": "af67cd7cbe11ca812190bc26d236fd874552475d",
        "type": "github"
      },
      "original": {
        "owner": "davidpdrsn",
        "repo": "replace",
        "type": "github"
      }
    },
    "root": {
      "inputs": {
        "git-branch-picker": "git-branch-picker",
        "git-prompt": "git-prompt",
        "git-remove-merged-branches": "git-remove-merged-branches",
        "go-insert-error": "go-insert-error",
        "home-manager": "home-manager",
        "homebrew-cask": "homebrew-cask",
        "homebrew-core": "homebrew-core",
        "is-vim-running": "is-vim-running",
        "nix-darwin": "nix-darwin",
        "nix-homebrew": "nix-homebrew",
        "nixpkgs": "nixpkgs_6",
        "remove-indentation": "remove-indentation",
        "replace": "replace",
        "smart-pwd-2": "smart-pwd-2"
      }
    },
    "smart-pwd-2": {
      "inputs": {
        "nixpkgs": "nixpkgs_9"
      },
      "locked": {
        "lastModified": 1750266974,
        "narHash": "sha256-U1rRQ1Y5ApQX2ccyBp7Hn5cfaHEmc7t5DfMA1hX1dNc=",
        "owner": "davidpdrsn",
        "repo": "smart-pwd-2",
        "rev": "164d638a78ae5182fc30e43903f184c7c300b0e7",
        "type": "github"
      },
      "original": {
        "owner": "davidpdrsn",
        "repo": "smart-pwd-2",
        "type": "github"
      }
    },
    "systems": {
      "locked": {
        "lastModified": 1681028828,
        "narHash": "sha256-Vy1rq5AaRuLzOxct8nz4T6wlgyUR7zLU309k9mBC768=",
        "owner": "nix-systems",
        "repo": "default",
        "rev": "da67096a3b9bf56a91d16901293e51ba5b49a27e",
        "type": "github"
      },
      "original": {
        "owner": "nix-systems",
        "repo": "default",
        "type": "github"
      }
    }
  },
  "root": "root",
  "version": 7
}
